{
  "name": "poui-icons",
  "version": "0.0.1",
  "lockfileVersion": 3,
  "requires": true,
  "packages": {
    "": {
      "name": "poui-icons",
      "version": "0.0.1",
      "license": "MIT",
      "dependencies": {
        "poui-icons": "file:"
      },
      "engines": {
        "vscode": "^1.92.0"
      }
    },
    "node_modules/poui-icons": {
      "resolved": "",
      "link": true
    }
  }
}
